// !$*UTF8*$!
{
	archiveVersion = 1;
	classes = {
	};
	objectVersion = 56;
	objects = {

/* Begin PBXBuildFile section */
		409E62A32BFC42BF008A5E68 /* Finance_TrackerApp.swift in Sources */ = {isa = PBXBuildFile; fileRef = 409E62A22BFC42BF008A5E68 /* Finance_TrackerApp.swift */; };
		409E62A52BFC42BF008A5E68 /* ContentView.swift in Sources */ = {isa = PBXBuildFile; fileRef = 409E62A42BFC42BF008A5E68 /* ContentView.swift */; };
		409E62A72BFC42C0008A5E68 /* Assets.xcassets in Resources */ = {isa = PBXBuildFile; fileRef = 409E62A62BFC42C0008A5E68 /* Assets.xcassets */; };
		409E62AA2BFC42C0008A5E68 /* Preview Assets.xcassets in Resources */ = {isa = PBXBuildFile; fileRef = 409E62A92BFC42C0008A5E68 /* Preview Assets.xcassets */; };
		40D2A0762C0728CF0002D476 /* BudgetTrackerViewController.swift in Sources */ = {isa = PBXBuildFile; fileRef = 40D2A0752C0728CF0002D476 /* BudgetTrackerViewController.swift */; };
		40D2A0782C0728E80002D476 /* SchedulerViewController.swift in Sources */ = {isa = PBXBuildFile; fileRef = 40D2A0772C0728E80002D476 /* SchedulerViewController.swift */; };
		40D2A07A2C0728FF0002D476 /* WorkLogTrackerViewController.swift in Sources */ = {isa = PBXBuildFile; fileRef = 40D2A0792C0728FF0002D476 /* WorkLogTrackerViewController.swift */; };
		40D2A07C2C0729100002D476 /* SettingsViewController.swift in Sources */ = {isa = PBXBuildFile; fileRef = 40D2A07B2C0729100002D476 /* SettingsViewController.swift */; };
		40D2A07F2C072B100002D476 /* BudgetTrackerView.swift in Sources */ = {isa = PBXBuildFile; fileRef = 40D2A07E2C072B100002D476 /* BudgetTrackerView.swift */; };
		40D2A0812C072B340002D476 /* SchedulerView.swift in Sources */ = {isa = PBXBuildFile; fileRef = 40D2A0802C072B340002D476 /* SchedulerView.swift */; };
		40D2A0832C072B480002D476 /* WorkLogTrackerView.swift in Sources */ = {isa = PBXBuildFile; fileRef = 40D2A0822C072B480002D476 /* WorkLogTrackerView.swift */; };
		40D2A0852C072B510002D476 /* SettingsView.swift in Sources */ = {isa = PBXBuildFile; fileRef = 40D2A0842C072B510002D476 /* SettingsView.swift */; };
/* End PBXBuildFile section */

/* Begin PBXFileReference section */
		409E629F2BFC42BF008A5E68 /* Finance Tracker.app */ = {isa = PBXFileReference; explicitFileType = wrapper.application; includeInIndex = 0; path = "Finance Tracker.app"; sourceTree = BUILT_PRODUCTS_DIR; };
		409E62A22BFC42BF008A5E68 /* Finance_TrackerApp.swift */ = {isa = PBXFileReference; lastKnownFileType = sourcecode.swift; path = Finance_TrackerApp.swift; sourceTree = "<group>"; };
		409E62A42BFC42BF008A5E68 /* ContentView.swift */ = {isa = PBXFileReference; lastKnownFileType = sourcecode.swift; path = ContentView.swift; sourceTree = "<group>"; };
		409E62A62BFC42C0008A5E68 /* Assets.xcassets */ = {isa = PBXFileReference; lastKnownFileType = folder.assetcatalog; path = Assets.xcassets; sourceTree = "<group>"; };
		409E62A92BFC42C0008A5E68 /* Preview Assets.xcassets */ = {isa = PBXFileReference; lastKnownFileType = folder.assetcatalog; path = "Preview Assets.xcassets"; sourceTree = "<group>"; };
		40D2A0752C0728CF0002D476 /* BudgetTrackerViewController.swift */ = {isa = PBXFileReference; lastKnownFileType = sourcecode.swift; path = BudgetTrackerViewController.swift; sourceTree = "<group>"; };
		40D2A0772C0728E80002D476 /* SchedulerViewController.swift */ = {isa = PBXFileReference; lastKnownFileType = sourcecode.swift; path = SchedulerViewController.swift; sourceTree = "<group>"; };
		40D2A0792C0728FF0002D476 /* WorkLogTrackerViewController.swift */ = {isa = PBXFileReference; lastKnownFileType = sourcecode.swift; path = WorkLogTrackerViewController.swift; sourceTree = "<group>"; };
		40D2A07B2C0729100002D476 /* SettingsViewController.swift */ = {isa = PBXFileReference; lastKnownFileType = sourcecode.swift; path = SettingsViewController.swift; sourceTree = "<group>"; };
		40D2A07E2C072B100002D476 /* BudgetTrackerView.swift */ = {isa = PBXFileReference; lastKnownFileType = sourcecode.swift; path = BudgetTrackerView.swift; sourceTree = "<group>"; };
		40D2A0802C072B340002D476 /* SchedulerView.swift */ = {isa = PBXFileReference; lastKnownFileType = sourcecode.swift; path = SchedulerView.swift; sourceTree = "<group>"; };
		40D2A0822C072B480002D476 /* WorkLogTrackerView.swift */ = {isa = PBXFileReference; lastKnownFileType = sourcecode.swift; path = WorkLogTrackerView.swift; sourceTree = "<group>"; };
		40D2A0842C072B510002D476 /* SettingsView.swift */ = {isa = PBXFileReference; lastKnownFileType = sourcecode.swift; path = SettingsView.swift; sourceTree = "<group>"; };
/* End PBXFileReference section */

/* Begin PBXFrameworksBuildPhase section */
		409E629C2BFC42BF008A5E68 /* Frameworks */ = {
			isa = PBXFrameworksBuildPhase;
			buildActionMask = 2147483647;
			files = (
			);
			runOnlyForDeploymentPostprocessing = 0;
		};
/* End PBXFrameworksBuildPhase section */

/* Begin PBXGroup section */
		409E62962BFC42BF008A5E68 = {
			isa = PBXGroup;
			children = (
				409E62A12BFC42BF008A5E68 /* Finance Tracker */,
				409E62A02BFC42BF008A5E68 /* Products */,
			);
			sourceTree = "<group>";
		};
		409E62A02BFC42BF008A5E68 /* Products */ = {
			isa = PBXGroup;
			children = (
				409E629F2BFC42BF008A5E68 /* Finance Tracker.app */,
			);
			name = Products;
			sourceTree = "<group>";
		};
		409E62A12BFC42BF008A5E68 /* Finance Tracker */ = {
			isa = PBXGroup;
			children = (
				40D2A07D2C072AF80002D476 /* Views */,
				40D2A0742C0728880002D476 /* Controllers */,
				409E62A22BFC42BF008A5E68 /* Finance_TrackerApp.swift */,
				409E62A42BFC42BF008A5E68 /* ContentView.swift */,
				409E62A62BFC42C0008A5E68 /* Assets.xcassets */,
				409E62A82BFC42C0008A5E68 /* Preview Content */,
			);
			path = "Finance Tracker";
			sourceTree = "<group>";
		};
		409E62A82BFC42C0008A5E68 /* Preview Content */ = {
			isa = PBXGroup;
			children = (
				409E62A92BFC42C0008A5E68 /* Preview Assets.xcassets */,
			);
			path = "Preview Content";
			sourceTree = "<group>";
		};
		40D2A0742C0728880002D476 /* Controllers */ = {
			isa = PBXGroup;
			children = (
				40D2A0752C0728CF0002D476 /* BudgetTrackerViewController.swift */,
				40D2A0772C0728E80002D476 /* SchedulerViewController.swift */,
				40D2A0792C0728FF0002D476 /* WorkLogTrackerViewController.swift */,
				40D2A07B2C0729100002D476 /* SettingsViewController.swift */,
			);
			path = Controllers;
			sourceTree = "<group>";
		};
		40D2A07D2C072AF80002D476 /* Views */ = {
			isa = PBXGroup;
			children = (
				40D2A07E2C072B100002D476 /* BudgetTrackerView.swift */,
				40D2A0802C072B340002D476 /* SchedulerView.swift */,
				40D2A0822C072B480002D476 /* WorkLogTrackerView.swift */,
				40D2A0842C072B510002D476 /* SettingsView.swift */,
			);
			path = Views;
			sourceTree = "<group>";
		};
/* End PBXGroup section */

/* Begin PBXNativeTarget section */
		409E629E2BFC42BF008A5E68 /* Finance Tracker */ = {
			isa = PBXNativeTarget;
			buildConfigurationList = 409E62AD2BFC42C0008A5E68 /* Build configuration list for PBXNativeTarget "Finance Tracker" */;
			buildPhases = (
				409E629B2BFC42BF008A5E68 /* Sources */,
				409E629C2BFC42BF008A5E68 /* Frameworks */,
				409E629D2BFC42BF008A5E68 /* Resources */,
			);
			buildRules = (
			);
			dependencies = (
			);
			name = "Finance Tracker";
			productName = "Finance Tracker";
			productReference = 409E629F2BFC42BF008A5E68 /* Finance Tracker.app */;
			productType = "com.apple.product-type.application";
		};
/* End PBXNativeTarget section */

/* Begin PBXProject section */
		409E62972BFC42BF008A5E68 /* Project object */ = {
			isa = PBXProject;
			attributes = {
				BuildIndependentTargetsInParallel = 1;
				LastSwiftUpdateCheck = 1540;
				LastUpgradeCheck = 1540;
				TargetAttributes = {
					409E629E2BFC42BF008A5E68 = {
						CreatedOnToolsVersion = 15.4;
					};
				};
			};
			buildConfigurationList = 409E629A2BFC42BF008A5E68 /* Build configuration list for PBXProject "Finance Tracker" */;
			compatibilityVersion = "Xcode 14.0";
			developmentRegion = en;
			hasScannedForEncodings = 0;
			knownRegions = (
				en,
				Base,
			);
			mainGroup = 409E62962BFC42BF008A5E68;
			productRefGroup = 409E62A02BFC42BF008A5E68 /* Products */;
			projectDirPath = "";
			projectRoot = "";
			targets = (
				409E629E2BFC42BF008A5E68 /* Finance Tracker */,
			);
		};
/* End PBXProject section */

/* Begin PBXResourcesBuildPhase section */
		409E629D2BFC42BF008A5E68 /* Resources */ = {
			isa = PBXResourcesBuildPhase;
			buildActionMask = 2147483647;
			files = (
				409E62AA2BFC42C0008A5E68 /* Preview Assets.xcassets in Resources */,
				409E62A72BFC42C0008A5E68 /* Assets.xcassets in Resources */,
			);
			runOnlyForDeploymentPostprocessing = 0;
		};
/* End PBXResourcesBuildPhase section */

/* Begin PBXSourcesBuildPhase section */
		409E629B2BFC42BF008A5E68 /* Sources */ = {
			isa = PBXSourcesBuildPhase;
			buildActionMask = 2147483647;
			files = (
				40D2A0832C072B480002D476 /* WorkLogTrackerView.swift in Sources */,
				40D2A0812C072B340002D476 /* SchedulerView.swift in Sources */,
				409E62A52BFC42BF008A5E68 /* ContentView.swift in Sources */,
				40D2A0762C0728CF0002D476 /* BudgetTrackerViewController.swift in Sources */,
				40D2A0782C0728E80002D476 /* SchedulerViewController.swift in Sources */,
				40D2A0852C072B510002D476 /* SettingsView.swift in Sources */,
				40D2A07A2C0728FF0002D476 /* WorkLogTrackerViewController.swift in Sources */,
				409E62A32BFC42BF008A5E68 /* Finance_TrackerApp.swift in Sources */,
				40D2A07C2C0729100002D476 /* SettingsViewController.swift in Sources */,
				40D2A07F2C072B100002D476 /* BudgetTrackerView.swift in Sources */,
			);
			runOnlyForDeploymentPostprocessing = 0;
		};
/* End PBXSourcesBuildPhase section */

/* Begin XCBuildConfiguration section */
		409E62AB2BFC42C0008A5E68 /* Debug */ = {
			isa = XCBuildConfiguration;
			buildSettings = {
				ALWAYS_SEARCH_USER_PATHS = NO;
				ASSETCATALOG_COMPILER_GENERATE_SWIFT_ASSET_SYMBOL_EXTENSIONS = YES;
				CLANG_ANALYZER_NONNULL = YES;
				CLANG_ANALYZER_NUMBER_OBJECT_CONVERSION = YES_AGGRESSIVE;
				CLANG_CXX_LANGUAGE_STANDARD = "gnu++20";
				CLANG_ENABLE_MODULES = YES;
				CLANG_ENABLE_OBJC_ARC = YES;
				CLANG_ENABLE_OBJC_WEAK = YES;
				CLANG_WARN_BLOCK_CAPTURE_AUTORELEASING = YES;
				CLANG_WARN_BOOL_CONVERSION = YES;
				CLANG_WARN_COMMA = YES;
				CLANG_WARN_CONSTANT_CONVERSION = YES;
				CLANG_WARN_DEPRECATED_OBJC_IMPLEMENTATIONS = YES;
				CLANG_WARN_DIRECT_OBJC_ISA_USAGE = YES_ERROR;
				CLANG_WARN_DOCUMENTATION_COMMENTS = YES;
				CLANG_WARN_EMPTY_BODY = YES;
				CLANG_WARN_ENUM_CONVERSION = YES;
				CLANG_WARN_INFINITE_RECURSION = YES;
				CLANG_WARN_INT_CONVERSION = YES;
				CLANG_WARN_NON_LITERAL_NULL_CONVERSION = YES;
				CLANG_WARN_OBJC_IMPLICIT_RETAIN_SELF = YES;
				CLANG_WARN_OBJC_LITERAL_CONVERSION = YES;
				CLANG_WARN_OBJC_ROOT_CLASS = YES_ERROR;
				CLANG_WARN_QUOTED_INCLUDE_IN_FRAMEWORK_HEADER = YES;
				CLANG_WARN_RANGE_LOOP_ANALYSIS = YES;
				CLANG_WARN_STRICT_PROTOTYPES = YES;
				CLANG_WARN_SUSPICIOUS_MOVE = YES;
				CLANG_WARN_UNGUARDED_AVAILABILITY = YES_AGGRESSIVE;
				CLANG_WARN_UNREACHABLE_CODE = YES;
				CLANG_WARN__DUPLICATE_METHOD_MATCH = YES;
				COPY_PHASE_STRIP = NO;
				DEBUG_INFORMATION_FORMAT = dwarf;
				ENABLE_STRICT_OBJC_MSGSEND = YES;
				ENABLE_TESTABILITY = YES;
				ENABLE_USER_SCRIPT_SANDBOXING = YES;
				GCC_C_LANGUAGE_STANDARD = gnu17;
				GCC_DYNAMIC_NO_PIC = NO;
				GCC_NO_COMMON_BLOCKS = YES;
				GCC_OPTIMIZATION_LEVEL = 0;
				GCC_PREPROCESSOR_DEFINITIONS = (
					"DEBUG=1",
					"$(inherited)",
				);
				GCC_WARN_64_TO_32_BIT_CONVERSION = YES;
				GCC_WARN_ABOUT_RETURN_TYPE = YES_ERROR;
				GCC_WARN_UNDECLARED_SELECTOR = YES;
				GCC_WARN_UNINITIALIZED_AUTOS = YES_AGGRESSIVE;
				GCC_WARN_UNUSED_FUNCTION = YES;
				GCC_WARN_UNUSED_VARIABLE = YES;
				IPHONEOS_DEPLOYMENT_TARGET = 17.5;
				LOCALIZATION_PREFERS_STRING_CATALOGS = YES;
				MTL_ENABLE_DEBUG_INFO = INCLUDE_SOURCE;
				MTL_FAST_MATH = YES;
				ONLY_ACTIVE_ARCH = YES;
				SDKROOT = iphoneos;
				SWIFT_ACTIVE_COMPILATION_CONDITIONS = "DEBUG $(inherited)";
				SWIFT_OPTIMIZATION_LEVEL = "-Onone";
			};
			name = Debug;
		};
		409E62AC2BFC42C0008A5E68 /* Release */ = {
			isa = XCBuildConfiguration;
			buildSettings = {
				ALWAYS_SEARCH_USER_PATHS = NO;
				ASSETCATALOG_COMPILER_GENERATE_SWIFT_ASSET_SYMBOL_EXTENSIONS = YES;
				CLANG_ANALYZER_NONNULL = YES;
				CLANG_ANALYZER_NUMBER_OBJECT_CONVERSION = YES_AGGRESSIVE;
				CLANG_CXX_LANGUAGE_STANDARD = "gnu++20";
				CLANG_ENABLE_MODULES = YES;
				CLANG_ENABLE_OBJC_ARC = YES;
				CLANG_ENABLE_OBJC_WEAK = YES;
				CLANG_WARN_BLOCK_CAPTURE_AUTORELEASING = YES;
				CLANG_WARN_BOOL_CONVERSION = YES;
				CLANG_WARN_COMMA = YES;
				CLANG_WARN_CONSTANT_CONVERSION = YES;
				CLANG_WARN_DEPRECATED_OBJC_IMPLEMENTATIONS = YES;
				CLANG_WARN_DIRECT_OBJC_ISA_USAGE = YES_ERROR;
				CLANG_WARN_DOCUMENTATION_COMMENTS = YES;
				CLANG_WARN_EMPTY_BODY = YES;
				CLANG_WARN_ENUM_CONVERSION = YES;
				CLANG_WARN_INFINITE_RECURSION = YES;
				CLANG_WARN_INT_CONVERSION = YES;
				CLANG_WARN_NON_LITERAL_NULL_CONVERSION = YES;
				CLANG_WARN_OBJC_IMPLICIT_RETAIN_SELF = YES;
				CLANG_WARN_OBJC_LITERAL_CONVERSION = YES;
				CLANG_WARN_OBJC_ROOT_CLASS = YES_ERROR;
				CLANG_WARN_QUOTED_INCLUDE_IN_FRAMEWORK_HEADER = YES;
				CLANG_WARN_RANGE_LOOP_ANALYSIS = YES;
				CLANG_WARN_STRICT_PROTOTYPES = YES;
				CLANG_WARN_SUSPICIOUS_MOVE = YES;
				CLANG_WARN_UNGUARDED_AVAILABILITY = YES_AGGRESSIVE;
				CLANG_WARN_UNREACHABLE_CODE = YES;
				CLANG_WARN__DUPLICATE_METHOD_MATCH = YES;
				COPY_PHASE_STRIP = NO;
				DEBUG_INFORMATION_FORMAT = "dwarf-with-dsym";
				ENABLE_NS_ASSERTIONS = NO;
				ENABLE_STRICT_OBJC_MSGSEND = YES;
				ENABLE_USER_SCRIPT_SANDBOXING = YES;
				GCC_C_LANGUAGE_STANDARD = gnu17;
				GCC_NO_COMMON_BLOCKS = YES;
				GCC_WARN_64_TO_32_BIT_CONVERSION = YES;
				GCC_WARN_ABOUT_RETURN_TYPE = YES_ERROR;
				GCC_WARN_UNDECLARED_SELECTOR = YES;
				GCC_WARN_UNINITIALIZED_AUTOS = YES_AGGRESSIVE;
				GCC_WARN_UNUSED_FUNCTION = YES;
				GCC_WARN_UNUSED_VARIABLE = YES;
				IPHONEOS_DEPLOYMENT_TARGET = 17.5;
				LOCALIZATION_PREFERS_STRING_CATALOGS = YES;
				MTL_ENABLE_DEBUG_INFO = NO;
				MTL_FAST_MATH = YES;
				SDKROOT = iphoneos;
				SWIFT_COMPILATION_MODE = wholemodule;
				VALIDATE_PRODUCT = YES;
			};
			name = Release;
		};
		409E62AE2BFC42C0008A5E68 /* Debug */ = {
			isa = XCBuildConfiguration;
			buildSettings = {
				ASSETCATALOG_COMPILER_APPICON_NAME = AppIcon;
				ASSETCATALOG_COMPILER_GLOBAL_ACCENT_COLOR_NAME = AccentColor;
				CODE_SIGN_STYLE = Automatic;
				CURRENT_PROJECT_VERSION = 1;
				DEVELOPMENT_ASSET_PATHS = "\"Finance Tracker/Preview Content\"";
				DEVELOPMENT_TEAM = T8KHXKQ2WA;
				ENABLE_PREVIEWS = YES;
				GENERATE_INFOPLIST_FILE = YES;
				INFOPLIST_KEY_UIApplicationSceneManifest_Generation = YES;
				INFOPLIST_KEY_UIApplicationSupportsIndirectInputEvents = YES;
				INFOPLIST_KEY_UILaunchScreen_Generation = YES;
				INFOPLIST_KEY_UISupportedInterfaceOrientations_iPad = "UIInterfaceOrientationPortrait UIInterfaceOrientationPortraitUpsideDown UIInterfaceOrientationLandscapeLeft UIInterfaceOrientationLandscapeRight";
				INFOPLIST_KEY_UISupportedInterfaceOrientations_iPhone = "UIInterfaceOrientationPortrait UIInterfaceOrientationLandscapeLeft UIInterfaceOrientationLandscapeRight";
				LD_RUNPATH_SEARCH_PATHS = (
					"$(inherited)",
					"@executable_path/Frameworks",
				);
				MARKETING_VERSION = 1.0;
				PRODUCT_BUNDLE_IDENTIFIER = "com.LuisLeal.Finance-Tracker";
				PRODUCT_NAME = "$(TARGET_NAME)";
				SWIFT_EMIT_LOC_STRINGS = YES;
				SWIFT_VERSION = 5.0;
				TARGETED_DEVICE_FAMILY = "1,2";
			};
			name = Debug;
		};
		409E62AF2BFC42C0008A5E68 /* Release */ = {
			isa = XCBuildConfiguration;
			buildSettings = {
				ASSETCATALOG_COMPILER_APPICON_NAME = AppIcon;
				ASSETCATALOG_COMPILER_GLOBAL_ACCENT_COLOR_NAME = AccentColor;
				CODE_SIGN_STYLE = Automatic;
				CURRENT_PROJECT_VERSION = 1;
				DEVELOPMENT_ASSET_PATHS = "\"Finance Tracker/Preview Content\"";
				DEVELOPMENT_TEAM = T8KHXKQ2WA;
				ENABLE_PREVIEWS = YES;
				GENERATE_INFOPLIST_FILE = YES;
				INFOPLIST_KEY_UIApplicationSceneManifest_Generation = YES;
				INFOPLIST_KEY_UIApplicationSupportsIndirectInputEvents = YES;
				INFOPLIST_KEY_UILaunchScreen_Generation = YES;
				INFOPLIST_KEY_UISupportedInterfaceOrientations_iPad = "UIInterfaceOrientationPortrait UIInterfaceOrientationPortraitUpsideDown UIInterfaceOrientationLandscapeLeft UIInterfaceOrientationLandscapeRight";
				INFOPLIST_KEY_UISupportedInterfaceOrientations_iPhone = "UIInterfaceOrientationPortrait UIInterfaceOrientationLandscapeLeft UIInterfaceOrientationLandscapeRight";
				LD_RUNPATH_SEARCH_PATHS = (
					"$(inherited)",
					"@executable_path/Frameworks",
				);
				MARKETING_VERSION = 1.0;
				PRODUCT_BUNDLE_IDENTIFIER = "com.LuisLeal.Finance-Tracker";
				PRODUCT_NAME = "$(TARGET_NAME)";
				SWIFT_EMIT_LOC_STRINGS = YES;
				SWIFT_VERSION = 5.0;
				TARGETED_DEVICE_FAMILY = "1,2";
			};
			name = Release;
		};
/* End XCBuildConfiguration section */

/* Begin XCConfigurationList section */
		409E629A2BFC42BF008A5E68 /* Build configuration list for PBXProject "Finance Tracker" */ = {
			isa = XCConfigurationList;
			buildConfigurations = (
				409E62AB2BFC42C0008A5E68 /* Debug */,
				409E62AC2BFC42C0008A5E68 /* Release */,
			);
			defaultConfigurationIsVisible = 0;
			defaultConfigurationName = Release;
		};
		409E62AD2BFC42C0008A5E68 /* Build configuration list for PBXNativeTarget "Finance Tracker" */ = {
			isa = XCConfigurationList;
			buildConfigurations = (
				409E62AE2BFC42C0008A5E68 /* Debug */,
				409E62AF2BFC42C0008A5E68 /* Release */,
			);
			defaultConfigurationIsVisible = 0;
			defaultConfigurationName = Release;
		};
/* End XCConfigurationList section */
	};
	rootObject = 409E62972BFC42BF008A5E68 /* Project object */;
}
